{
    "name": "@components",
    "lockfileVersion": 2,
    "requires": true,
    "packages": {
        "": {
            "name": "@components",
            "devDependencies": {
                "@types/react-native-push-notification": "^8.1.1"
            }
        },
        "node_modules/@types/react-native-push-notification": {
            "version": "8.1.1",
            "resolved": "https://registry.npmjs.org/@types/react-native-push-notification/-/react-native-push-notification-8.1.1.tgz",
            "integrity": "sha512-ZN4UbU4EM3C7XGt4zI6RqHEZS2+35EwOz9DPAD1lTTY3IpWMHAKYjryykvP35hFkSwrGMpT8nYuMFPEJRwDEJA==",
            "dev": true
        }
    },
    "dependencies": {
        "@types/react-native-push-notification": {
            "version": "8.1.1",
            "resolved": "https://registry.npmjs.org/@types/react-native-push-notification/-/react-native-push-notification-8.1.1.tgz",
            "integrity": "sha512-ZN4UbU4EM3C7XGt4zI6RqHEZS2+35EwOz9DPAD1lTTY3IpWMHAKYjryykvP35hFkSwrGMpT8nYuMFPEJRwDEJA==",
            "dev": true
        }
    }
}
